
Microsoft Visual Studio Solution File, Format Version 12.00
# Visual Studio Version 17
VisualStudioVersion = 17.5.002.0
MinimumVisualStudioVersion = 10.0.40219.1
Project("{9A19103F-16F7-4668-BE54-9A1E7A4F7556}") = "store-project", "store-project.csproj", "{B35E1F59-0C55-4605-902E-32950C930387}"
EndProject
Global
	GlobalSection(SolutionConfigurationPlatforms) = preSolution
		Debug|Any CPU = Debug|Any CPU
		Release|Any CPU = Release|Any CPU
	EndGlobalSection
	GlobalSection(ProjectConfigurationPlatforms) = postSolution
		{B35E1F59-0C55-4605-902E-32950C930387}.Debug|Any CPU.ActiveCfg = Debug|Any CPU
		{B35E1F59-0C55-4605-902E-32950C930387}.Debug|Any CPU.Build.0 = Debug|Any CPU
		{B35E1F59-0C55-4605-902E-32950C930387}.Release|Any CPU.ActiveCfg = Release|Any CPU
		{B35E1F59-0C55-4605-902E-32950C930387}.Release|Any CPU.Build.0 = Release|Any CPU
	EndGlobalSection
	GlobalSection(SolutionProperties) = preSolution
		HideSolutionNode = FALSE
	EndGlobalSection
	GlobalSection(ExtensibilityGlobals) = postSolution
		SolutionGuid = {76739DCC-30EA-49FF-A3E6-31A6CFB37502}
	EndGlobalSection
EndGlobal
